{
  "object": {
    "pins": [
      {
        "package": "Sauce",
        "repositoryURL": "https://github.com/Clipy/Sauce",
        "state": {
          "branch": null,
          "revision": "df657bc1beba23ffd580953f183cd756b5bcd514",
          "version": "2.4.1"
        }
      }
    ]
  },
  "version": 1
}
